{
  "version": 4,
  "terraform_version": "1.9.8",
  "serial": 24,
  "lineage": "93103277-13c3-3ca6-e8a7-3a4b3c91f6d0",
  "outputs": {},
  "resources": [
    {
      "module": "module.config",
      "mode": "data",
      "type": "sops_file",
      "name": "secrets",
      "provider": "provider[\"registry.terraform.io/carlpett/sops\"]",
      "instances": [
        {
          "index_key": 0,
          "schema_version": 0,
          "attributes": {
            "data": {
              "Falcon_cid": "--cid=A3839C9ECA014C70B7DB136F279AE499-C7",
              "SSH_PRV_KEY": "-----BEGIN OPENSSH PRIVATE KEY-----\nb3BlbnNzaC1rZXktdjEAAAAABG5vbmUAAAAEbm9uZQAAAAAAAAABAAAAMwAAAAtzc2gtZW\nQyNTUxOQAAACABYYeOcAAAUkOlcXSWfAAjcTfQsKNr95thHk8+z6AxegAAAJDKDVGByg1R\ngQAAAAtzc2gtZWQyNTUxOQAAACABYYeOcAAAUkOlcXSWfAAjcTfQsKNr95thHk8+z6Axeg\nAAAEA2ugzspHfxMmnSFoPp3wxKOCMZLcOm5xbXB/xXBCltzQFhh45wAABSQ6VxdJZ8ACNx\nN9Cwo2v3m2EeTz7PoDF6AAAAC2dob3N0QEdIT1NUAQI=\n-----END OPENSSH PRIVATE KEY-----\n",
              "delinea_password": "1s3QRBLR1yorYtT9gM",
              "delinea_server_url": "https://acs.secretservercloud.com/",
              "delinea_username": "sdk-st-githubaction-prod"
            },
            "id": "-",
            "input_type": null,
            "raw": "# Secrets for ssh and delinea\nSSH_PRV_KEY: |\n    -----BEGIN OPENSSH PRIVATE KEY-----\n    b3BlbnNzaC1rZXktdjEAAAAABG5vbmUAAAAEbm9uZQAAAAAAAAABAAAAMwAAAAtzc2gtZW\n    QyNTUxOQAAACABYYeOcAAAUkOlcXSWfAAjcTfQsKNr95thHk8+z6AxegAAAJDKDVGByg1R\n    gQAAAAtzc2gtZWQyNTUxOQAAACABYYeOcAAAUkOlcXSWfAAjcTfQsKNr95thHk8+z6Axeg\n    AAAEA2ugzspHfxMmnSFoPp3wxKOCMZLcOm5xbXB/xXBCltzQFhh45wAABSQ6VxdJZ8ACNx\n    N9Cwo2v3m2EeTz7PoDF6AAAAC2dob3N0QEdIT1NUAQI=\n    -----END OPENSSH PRIVATE KEY-----\ndelinea_username: sdk-st-githubaction-prod\ndelinea_password: 1s3QRBLR1yorYtT9gM\ndelinea_server_url: https://acs.secretservercloud.com/\nFalcon_cid: --cid=A3839C9ECA014C70B7DB136F279AE499-C7\n",
            "source_file": "./config_env/dev/secrets.enc.yaml"
          },
          "sensitive_attributes": [
            [
              {
                "type": "get_attr",
                "value": "data"
              }
            ],
            [
              {
                "type": "get_attr",
                "value": "raw"
              }
            ]
          ]
        }
      ]
    },
    {
      "module": "module.ecr",
      "mode": "managed",
      "type": "aws_ecr_repository",
      "name": "ecr",
      "provider": "provider[\"registry.terraform.io/hashicorp/aws\"]",
      "instances": [
        {
          "schema_version": 0,
          "attributes": {
            "arn": "arn:aws:ecr:us-east-1:677276076781:repository/rtcek-sso-global-dev-ecr",
            "encryption_configuration": [
              {
                "encryption_type": "KMS",
                "kms_key": "arn:aws:kms:us-east-1:677276076781:key/8d45b031-17bb-4b0b-b7fa-52fca7284633"
              }
            ],
            "force_delete": false,
            "id": "rtcek-sso-global-dev-ecr",
            "image_scanning_configuration": [
              {
                "scan_on_push": true
              }
            ],
            "image_tag_mutability": "MUTABLE",
            "name": "rtcek-sso-global-dev-ecr",
            "registry_id": "677276076781",
            "repository_url": "677276076781.dkr.ecr.us-east-1.amazonaws.com/rtcek-sso-global-dev-ecr",
            "tags": {
              "Name": "rtcek-sso-global-dev-ecr",
              "application": "sso",
              "createdby": "terraform",
              "department": "a86065",
              "division": "st",
              "environment": "dev",
              "map-migrated": "mig42366",
              "org": "rtcek",
              "owner": "devops",
              "resourcetaggedby": "terraform",
              "technicalContact": "SSO-SUPPORT@acs.org",
              "tier": "dev"
            },
            "tags_all": {
              "Name": "rtcek-sso-global-dev-ecr",
              "application": "sso",
              "createdby": "terraform",
              "department": "a86065",
              "division": "st",
              "environment": "dev",
              "map-migrated": "mig42366",
              "org": "rtcek",
              "owner": "devops",
              "resourcetaggedby": "terraform",
              "technicalContact": "SSO-SUPPORT@acs.org",
              "tier": "dev"
            },
            "timeouts": null
          },
          "sensitive_attributes": [],
          "private": "eyJlMmJmYjczMC1lY2FhLTExZTYtOGY4OC0zNDM2M2JjN2M0YzAiOnsiZGVsZXRlIjoxMjAwMDAwMDAwMDAwfX0=",
          "dependencies": [
            "module.config.data.sops_file.secrets"
          ]
        }
      ]
    }
  ],
  "check_results": null
}
